
Microsoft Visual Studio Solution File, Format Version 12.00
# Visual Studio 15
VisualStudioVersion = 15.0.28307.645
MinimumVisualStudioVersion = 10.0.40219.1
Project("{8BC9CEB8-8B4A-11D0-8D11-00A0C91BC942}") = "01. Compare Arrays Again", "01. Compare Arrays Again\01. Compare Arrays Again.vcxproj", "{D320A402-EAFF-4892-A2E2-B04AA9A8E0E1}"
EndProject
Project("{8BC9CEB8-8B4A-11D0-8D11-00A0C91BC942}") = "02. Mathematical Expression", "02. Mathematical Expression\02. Mathematical Expression.vcxproj", "{B9C9FD01-C9DA-452A-9884-4A9963BCD553}"
EndProject
Project("{8BC9CEB8-8B4A-11D0-8D11-00A0C91BC942}") = "03. Title Case", "03. Title Case\03. Title Case.vcxproj", "{94ACDB5B-F271-4350-845C-2EA8ABAE6E7A}"
EndProject
Project("{8BC9CEB8-8B4A-11D0-8D11-00A0C91BC942}") = "04. Replace All", "04. Replace All\04. Replace All.vcxproj", "{D57C277E-DE0B-4720-B7F9-F329D57A65AE}"
EndProject
Project("{8BC9CEB8-8B4A-11D0-8D11-00A0C91BC942}") = "05. Invalid Input", "05. Invalid Input\05. Invalid Input.vcxproj", "{04B76DB2-DDEA-4141-B6E6-B46494BEA279}"
EndProject
Project("{8BC9CEB8-8B4A-11D0-8D11-00A0C91BC942}") = "06. The Signal and the Noise", "06. The Signal and the Noise\06. The Signal and the Noise.vcxproj", "{E8B3A3B7-C814-4797-8AD4-F07A9FD22265}"
EndProject
Project("{8BC9CEB8-8B4A-11D0-8D11-00A0C91BC942}") = "07. The Noise and the Signal", "07. The Noise and the Signal\07. The Noise and the Signal.vcxproj", "{6A037B3E-7015-4652-835E-145BA59AABE8}"
EndProject
Global
	GlobalSection(SolutionConfigurationPlatforms) = preSolution
		Debug|x64 = Debug|x64
		Debug|x86 = Debug|x86
		Release|x64 = Release|x64
		Release|x86 = Release|x86
	EndGlobalSection
	GlobalSection(ProjectConfigurationPlatforms) = postSolution
		{D320A402-EAFF-4892-A2E2-B04AA9A8E0E1}.Debug|x64.ActiveCfg = Debug|x64
		{D320A402-EAFF-4892-A2E2-B04AA9A8E0E1}.Debug|x64.Build.0 = Debug|x64
		{D320A402-EAFF-4892-A2E2-B04AA9A8E0E1}.Debug|x86.ActiveCfg = Debug|Win32
		{D320A402-EAFF-4892-A2E2-B04AA9A8E0E1}.Debug|x86.Build.0 = Debug|Win32
		{D320A402-EAFF-4892-A2E2-B04AA9A8E0E1}.Release|x64.ActiveCfg = Release|x64
		{D320A402-EAFF-4892-A2E2-B04AA9A8E0E1}.Release|x64.Build.0 = Release|x64
		{D320A402-EAFF-4892-A2E2-B04AA9A8E0E1}.Release|x86.ActiveCfg = Release|Win32
		{D320A402-EAFF-4892-A2E2-B04AA9A8E0E1}.Release|x86.Build.0 = Release|Win32
		{B9C9FD01-C9DA-452A-9884-4A9963BCD553}.Debug|x64.ActiveCfg = Debug|x64
		{B9C9FD01-C9DA-452A-9884-4A9963BCD553}.Debug|x64.Build.0 = Debug|x64
		{B9C9FD01-C9DA-452A-9884-4A9963BCD553}.Debug|x86.ActiveCfg = Debug|Win32
		{B9C9FD01-C9DA-452A-9884-4A9963BCD553}.Debug|x86.Build.0 = Debug|Win32
		{B9C9FD01-C9DA-452A-9884-4A9963BCD553}.Release|x64.ActiveCfg = Release|x64
		{B9C9FD01-C9DA-452A-9884-4A9963BCD553}.Release|x64.Build.0 = Release|x64
		{B9C9FD01-C9DA-452A-9884-4A9963BCD553}.Release|x86.ActiveCfg = Release|Win32
		{B9C9FD01-C9DA-452A-9884-4A9963BCD553}.Release|x86.Build.0 = Release|Win32
		{94ACDB5B-F271-4350-845C-2EA8ABAE6E7A}.Debug|x64.ActiveCfg = Debug|x64
		{94ACDB5B-F271-4350-845C-2EA8ABAE6E7A}.Debug|x64.Build.0 = Debug|x64
		{94ACDB5B-F271-4350-845C-2EA8ABAE6E7A}.Debug|x86.ActiveCfg = Debug|Win32
		{94ACDB5B-F271-4350-845C-2EA8ABAE6E7A}.Debug|x86.Build.0 = Debug|Win32
		{94ACDB5B-F271-4350-845C-2EA8ABAE6E7A}.Release|x64.ActiveCfg = Release|x64
		{94ACDB5B-F271-4350-845C-2EA8ABAE6E7A}.Release|x64.Build.0 = Release|x64
		{94ACDB5B-F271-4350-845C-2EA8ABAE6E7A}.Release|x86.ActiveCfg = Release|Win32
		{94ACDB5B-F271-4350-845C-2EA8ABAE6E7A}.Release|x86.Build.0 = Release|Win32
		{D57C277E-DE0B-4720-B7F9-F329D57A65AE}.Debug|x64.ActiveCfg = Debug|x64
		{D57C277E-DE0B-4720-B7F9-F329D57A65AE}.Debug|x64.Build.0 = Debug|x64
		{D57C277E-DE0B-4720-B7F9-F329D57A65AE}.Debug|x86.ActiveCfg = Debug|Win32
		{D57C277E-DE0B-4720-B7F9-F329D57A65AE}.Debug|x86.Build.0 = Debug|Win32
		{D57C277E-DE0B-4720-B7F9-F329D57A65AE}.Release|x64.ActiveCfg = Release|x64
		{D57C277E-DE0B-4720-B7F9-F329D57A65AE}.Release|x64.Build.0 = Release|x64
		{D57C277E-DE0B-4720-B7F9-F329D57A65AE}.Release|x86.ActiveCfg = Release|Win32
		{D57C277E-DE0B-4720-B7F9-F329D57A65AE}.Release|x86.Build.0 = Release|Win32
		{04B76DB2-DDEA-4141-B6E6-B46494BEA279}.Debug|x64.ActiveCfg = Debug|x64
		{04B76DB2-DDEA-4141-B6E6-B46494BEA279}.Debug|x64.Build.0 = Debug|x64
		{04B76DB2-DDEA-4141-B6E6-B46494BEA279}.Debug|x86.ActiveCfg = Debug|Win32
		{04B76DB2-DDEA-4141-B6E6-B46494BEA279}.Debug|x86.Build.0 = Debug|Win32
		{04B76DB2-DDEA-4141-B6E6-B46494BEA279}.Release|x64.ActiveCfg = Release|x64
		{04B76DB2-DDEA-4141-B6E6-B46494BEA279}.Release|x64.Build.0 = Release|x64
		{04B76DB2-DDEA-4141-B6E6-B46494BEA279}.Release|x86.ActiveCfg = Release|Win32
		{04B76DB2-DDEA-4141-B6E6-B46494BEA279}.Release|x86.Build.0 = Release|Win32
		{E8B3A3B7-C814-4797-8AD4-F07A9FD22265}.Debug|x64.ActiveCfg = Debug|x64
		{E8B3A3B7-C814-4797-8AD4-F07A9FD22265}.Debug|x64.Build.0 = Debug|x64
		{E8B3A3B7-C814-4797-8AD4-F07A9FD22265}.Debug|x86.ActiveCfg = Debug|Win32
		{E8B3A3B7-C814-4797-8AD4-F07A9FD22265}.Debug|x86.Build.0 = Debug|Win32
		{E8B3A3B7-C814-4797-8AD4-F07A9FD22265}.Release|x64.ActiveCfg = Release|x64
		{E8B3A3B7-C814-4797-8AD4-F07A9FD22265}.Release|x64.Build.0 = Release|x64
		{E8B3A3B7-C814-4797-8AD4-F07A9FD22265}.Release|x86.ActiveCfg = Release|Win32
		{E8B3A3B7-C814-4797-8AD4-F07A9FD22265}.Release|x86.Build.0 = Release|Win32
		{6A037B3E-7015-4652-835E-145BA59AABE8}.Debug|x64.ActiveCfg = Debug|x64
		{6A037B3E-7015-4652-835E-145BA59AABE8}.Debug|x64.Build.0 = Debug|x64
		{6A037B3E-7015-4652-835E-145BA59AABE8}.Debug|x86.ActiveCfg = Debug|Win32
		{6A037B3E-7015-4652-835E-145BA59AABE8}.Debug|x86.Build.0 = Debug|Win32
		{6A037B3E-7015-4652-835E-145BA59AABE8}.Release|x64.ActiveCfg = Release|x64
		{6A037B3E-7015-4652-835E-145BA59AABE8}.Release|x64.Build.0 = Release|x64
		{6A037B3E-7015-4652-835E-145BA59AABE8}.Release|x86.ActiveCfg = Release|Win32
		{6A037B3E-7015-4652-835E-145BA59AABE8}.Release|x86.Build.0 = Release|Win32
	EndGlobalSection
	GlobalSection(SolutionProperties) = preSolution
		HideSolutionNode = FALSE
	EndGlobalSection
	GlobalSection(ExtensibilityGlobals) = postSolution
		SolutionGuid = {1DB32472-7E0C-4097-86F8-30CAEB7A5689}
	EndGlobalSection
EndGlobal
