
Microsoft Visual Studio Solution File, Format Version 12.00
# Visual Studio 15
VisualStudioVersion = 15.0.27130.2024
MinimumVisualStudioVersion = 10.0.40219.1
Project("{FAE04EC0-301F-11D3-BF4B-00C04F79EFBC}") = "ConsoleApp1", "ConsoleApp1\ConsoleApp1.csproj", "{CFF48A2A-63FB-4E2B-B749-0F1F97BF2C1F}"
EndProject
Global
	GlobalSection(SolutionConfigurationPlatforms) = preSolution
		Debug|Any CPU = Debug|Any CPU
		Release|Any CPU = Release|Any CPU
	EndGlobalSection
	GlobalSection(ProjectConfigurationPlatforms) = postSolution
		{CFF48A2A-63FB-4E2B-B749-0F1F97BF2C1F}.Debug|Any CPU.ActiveCfg = Debug|Any CPU
		{CFF48A2A-63FB-4E2B-B749-0F1F97BF2C1F}.Debug|Any CPU.Build.0 = Debug|Any CPU
		{CFF48A2A-63FB-4E2B-B749-0F1F97BF2C1F}.Release|Any CPU.ActiveCfg = Release|Any CPU
		{CFF48A2A-63FB-4E2B-B749-0F1F97BF2C1F}.Release|Any CPU.Build.0 = Release|Any CPU
	EndGlobalSection
	GlobalSection(SolutionProperties) = preSolution
		HideSolutionNode = FALSE
	EndGlobalSection
	GlobalSection(ExtensibilityGlobals) = postSolution
		SolutionGuid = {3C9A1F4A-A3E4-4CF7-B986-ECBE27F69335}
	EndGlobalSection
EndGlobal
