
Microsoft Visual Studio Solution File, Format Version 12.00
# Visual Studio 15
VisualStudioVersion = 15.0.27130.2027
MinimumVisualStudioVersion = 10.0.40219.1
Project("{9A19103F-16F7-4668-BE54-9A1E7A4F7556}") = "Lists", "Lists\Lists.csproj", "{AD87A014-BADA-4A71-9860-2F27CB2605E4}"
EndProject
Project("{FAE04EC0-301F-11D3-BF4B-00C04F79EFBC}") = "ConsoleApp2", "ConsoleApp2\ConsoleApp2.csproj", "{8B65CBA9-A3A7-4134-BC38-A58FAC1255F8}"
EndProject
Project("{FAE04EC0-301F-11D3-BF4B-00C04F79EFBC}") = "ConsoleApp3", "ConsoleApp3\ConsoleApp3.csproj", "{A0E10904-9AAD-4555-A807-3380687CC7F3}"
EndProject
Project("{FAE04EC0-301F-11D3-BF4B-00C04F79EFBC}") = "ConsoleApp4", "ConsoleApp4\ConsoleApp4.csproj", "{DD1EA698-6471-4CB2-B431-DE8728F3D15A}"
EndProject
Project("{FAE04EC0-301F-11D3-BF4B-00C04F79EFBC}") = "ConsoleApp5", "ConsoleApp5\ConsoleApp5.csproj", "{75CF48C9-DE1B-4D4D-B214-90F202E6D783}"
EndProject
Global
	GlobalSection(SolutionConfigurationPlatforms) = preSolution
		Debug|Any CPU = Debug|Any CPU
		Release|Any CPU = Release|Any CPU
	EndGlobalSection
	GlobalSection(ProjectConfigurationPlatforms) = postSolution
		{AD87A014-BADA-4A71-9860-2F27CB2605E4}.Debug|Any CPU.ActiveCfg = Debug|Any CPU
		{AD87A014-BADA-4A71-9860-2F27CB2605E4}.Debug|Any CPU.Build.0 = Debug|Any CPU
		{AD87A014-BADA-4A71-9860-2F27CB2605E4}.Release|Any CPU.ActiveCfg = Release|Any CPU
		{AD87A014-BADA-4A71-9860-2F27CB2605E4}.Release|Any CPU.Build.0 = Release|Any CPU
		{8B65CBA9-A3A7-4134-BC38-A58FAC1255F8}.Debug|Any CPU.ActiveCfg = Debug|Any CPU
		{8B65CBA9-A3A7-4134-BC38-A58FAC1255F8}.Debug|Any CPU.Build.0 = Debug|Any CPU
		{8B65CBA9-A3A7-4134-BC38-A58FAC1255F8}.Release|Any CPU.ActiveCfg = Release|Any CPU
		{8B65CBA9-A3A7-4134-BC38-A58FAC1255F8}.Release|Any CPU.Build.0 = Release|Any CPU
		{A0E10904-9AAD-4555-A807-3380687CC7F3}.Debug|Any CPU.ActiveCfg = Debug|Any CPU
		{A0E10904-9AAD-4555-A807-3380687CC7F3}.Debug|Any CPU.Build.0 = Debug|Any CPU
		{A0E10904-9AAD-4555-A807-3380687CC7F3}.Release|Any CPU.ActiveCfg = Release|Any CPU
		{A0E10904-9AAD-4555-A807-3380687CC7F3}.Release|Any CPU.Build.0 = Release|Any CPU
		{DD1EA698-6471-4CB2-B431-DE8728F3D15A}.Debug|Any CPU.ActiveCfg = Debug|Any CPU
		{DD1EA698-6471-4CB2-B431-DE8728F3D15A}.Debug|Any CPU.Build.0 = Debug|Any CPU
		{DD1EA698-6471-4CB2-B431-DE8728F3D15A}.Release|Any CPU.ActiveCfg = Release|Any CPU
		{DD1EA698-6471-4CB2-B431-DE8728F3D15A}.Release|Any CPU.Build.0 = Release|Any CPU
		{75CF48C9-DE1B-4D4D-B214-90F202E6D783}.Debug|Any CPU.ActiveCfg = Debug|Any CPU
		{75CF48C9-DE1B-4D4D-B214-90F202E6D783}.Debug|Any CPU.Build.0 = Debug|Any CPU
		{75CF48C9-DE1B-4D4D-B214-90F202E6D783}.Release|Any CPU.ActiveCfg = Release|Any CPU
		{75CF48C9-DE1B-4D4D-B214-90F202E6D783}.Release|Any CPU.Build.0 = Release|Any CPU
	EndGlobalSection
	GlobalSection(SolutionProperties) = preSolution
		HideSolutionNode = FALSE
	EndGlobalSection
	GlobalSection(ExtensibilityGlobals) = postSolution
		SolutionGuid = {F26B7DCA-B823-4E1D-B9F4-A49B3856EC65}
	EndGlobalSection
EndGlobal
