
Microsoft Visual Studio Solution File, Format Version 12.00
# Visual Studio 15
VisualStudioVersion = 15.0.27130.2027
MinimumVisualStudioVersion = 10.0.40219.1
Project("{FAE04EC0-301F-11D3-BF4B-00C04F79EFBC}") = "1. Convert from Base-10 to Base-N", "Strings_and_Text_Processing_HOMEWORK\1. Convert from Base-10 to Base-N.csproj", "{76CEF3A2-D0A7-4204-A23C-6282F8B6DD65}"
EndProject
Project("{FAE04EC0-301F-11D3-BF4B-00C04F79EFBC}") = "2. Convert from Base-N to Base-10", "2. Convert from Base-N to Base-10\2. Convert from Base-N to Base-10.csproj", "{6BBFEA09-1772-4DDB-8122-8930A90A231E}"
EndProject
Global
	GlobalSection(SolutionConfigurationPlatforms) = preSolution
		Debug|Any CPU = Debug|Any CPU
		Release|Any CPU = Release|Any CPU
	EndGlobalSection
	GlobalSection(ProjectConfigurationPlatforms) = postSolution
		{76CEF3A2-D0A7-4204-A23C-6282F8B6DD65}.Debug|Any CPU.ActiveCfg = Debug|Any CPU
		{76CEF3A2-D0A7-4204-A23C-6282F8B6DD65}.Debug|Any CPU.Build.0 = Debug|Any CPU
		{76CEF3A2-D0A7-4204-A23C-6282F8B6DD65}.Release|Any CPU.ActiveCfg = Release|Any CPU
		{76CEF3A2-D0A7-4204-A23C-6282F8B6DD65}.Release|Any CPU.Build.0 = Release|Any CPU
		{6BBFEA09-1772-4DDB-8122-8930A90A231E}.Debug|Any CPU.ActiveCfg = Debug|Any CPU
		{6BBFEA09-1772-4DDB-8122-8930A90A231E}.Debug|Any CPU.Build.0 = Debug|Any CPU
		{6BBFEA09-1772-4DDB-8122-8930A90A231E}.Release|Any CPU.ActiveCfg = Release|Any CPU
		{6BBFEA09-1772-4DDB-8122-8930A90A231E}.Release|Any CPU.Build.0 = Release|Any CPU
	EndGlobalSection
	GlobalSection(SolutionProperties) = preSolution
		HideSolutionNode = FALSE
	EndGlobalSection
	GlobalSection(ExtensibilityGlobals) = postSolution
		SolutionGuid = {9DA265A4-6A56-4430-AF5A-FBFC6D5E0D8F}
	EndGlobalSection
EndGlobal
