
Microsoft Visual Studio Solution File, Format Version 12.00
# Visual Studio 15
VisualStudioVersion = 15.0.27703.2035
MinimumVisualStudioVersion = 10.0.40219.1
Project("{FAE04EC0-301F-11D3-BF4B-00C04F79EFBC}") = "1. Sum Matrix Elements", "Multidimensional Arrays\1. Sum Matrix Elements.csproj", "{510077FC-41D2-49CA-BDCC-4D33BDB58E9E}"
EndProject
Project("{FAE04EC0-301F-11D3-BF4B-00C04F79EFBC}") = "2. MaxMatrix", "2. MaxMatrix\2. MaxMatrix.csproj", "{2E57DB62-D7D0-4408-9E3A-34F139BAA81C}"
EndProject
Project("{FAE04EC0-301F-11D3-BF4B-00C04F79EFBC}") = "0. Jagged-ArrayModification", "JaggedArray\0. Jagged-ArrayModification.csproj", "{B37B57EC-5A57-47C3-994E-4CD123F3ECEB}"
EndProject
Global
	GlobalSection(SolutionConfigurationPlatforms) = preSolution
		Debug|Any CPU = Debug|Any CPU
		Release|Any CPU = Release|Any CPU
	EndGlobalSection
	GlobalSection(ProjectConfigurationPlatforms) = postSolution
		{510077FC-41D2-49CA-BDCC-4D33BDB58E9E}.Debug|Any CPU.ActiveCfg = Debug|Any CPU
		{510077FC-41D2-49CA-BDCC-4D33BDB58E9E}.Debug|Any CPU.Build.0 = Debug|Any CPU
		{510077FC-41D2-49CA-BDCC-4D33BDB58E9E}.Release|Any CPU.ActiveCfg = Release|Any CPU
		{510077FC-41D2-49CA-BDCC-4D33BDB58E9E}.Release|Any CPU.Build.0 = Release|Any CPU
		{2E57DB62-D7D0-4408-9E3A-34F139BAA81C}.Debug|Any CPU.ActiveCfg = Debug|Any CPU
		{2E57DB62-D7D0-4408-9E3A-34F139BAA81C}.Debug|Any CPU.Build.0 = Debug|Any CPU
		{2E57DB62-D7D0-4408-9E3A-34F139BAA81C}.Release|Any CPU.ActiveCfg = Release|Any CPU
		{2E57DB62-D7D0-4408-9E3A-34F139BAA81C}.Release|Any CPU.Build.0 = Release|Any CPU
		{B37B57EC-5A57-47C3-994E-4CD123F3ECEB}.Debug|Any CPU.ActiveCfg = Debug|Any CPU
		{B37B57EC-5A57-47C3-994E-4CD123F3ECEB}.Debug|Any CPU.Build.0 = Debug|Any CPU
		{B37B57EC-5A57-47C3-994E-4CD123F3ECEB}.Release|Any CPU.ActiveCfg = Release|Any CPU
		{B37B57EC-5A57-47C3-994E-4CD123F3ECEB}.Release|Any CPU.Build.0 = Release|Any CPU
	EndGlobalSection
	GlobalSection(SolutionProperties) = preSolution
		HideSolutionNode = FALSE
	EndGlobalSection
	GlobalSection(ExtensibilityGlobals) = postSolution
		SolutionGuid = {A67E38AF-6BD3-4161-92FC-0FB48A9D4DD8}
	EndGlobalSection
EndGlobal
